// !$*UTF8*$!
{
	archiveVersion = 1;
	classes = {
	};
	objectVersion = 56;
	objects = {

/* Begin PBXBuildFile section */
		182F84E62A32E8FA00428618 /* login.swift in Sources */ = {isa = PBXBuildFile; fileRef = 182F84E52A32E8FA00428618 /* login.swift */; };
		182F84E82A32E91900428618 /* ActivityList.swift in Sources */ = {isa = PBXBuildFile; fileRef = 182F84E72A32E91900428618 /* ActivityList.swift */; };
		182F84ED2A32E96500428618 /* data.swift in Sources */ = {isa = PBXBuildFile; fileRef = 182F84EC2A32E96500428618 /* data.swift */; };
		182F84F02A32E98000428618 /* checkboxstyle.swift in Sources */ = {isa = PBXBuildFile; fileRef = 182F84EF2A32E98000428618 /* checkboxstyle.swift */; };
		182F84F32A32E99900428618 /* user.swift in Sources */ = {isa = PBXBuildFile; fileRef = 182F84F22A32E99900428618 /* user.swift */; };
		182F84F52A32E9A200428618 /* activity.swift in Sources */ = {isa = PBXBuildFile; fileRef = 182F84F42A32E9A200428618 /* activity.swift */; };
		186035622A350882001FF438 /* rootId.swift in Sources */ = {isa = PBXBuildFile; fileRef = 186035612A350882001FF438 /* rootId.swift */; };
		186035642A350912001FF438 /* ActivityDetails.swift in Sources */ = {isa = PBXBuildFile; fileRef = 186035632A350912001FF438 /* ActivityDetails.swift */; };
		186035662A350931001FF438 /* ListView.swift in Sources */ = {isa = PBXBuildFile; fileRef = 186035652A350931001FF438 /* ListView.swift */; };
		186035682A350954001FF438 /* LogoutView.swift in Sources */ = {isa = PBXBuildFile; fileRef = 186035672A350954001FF438 /* LogoutView.swift */; };
		18C8FF7C2A325571008F6D71 /* Project_Gp03App.swift in Sources */ = {isa = PBXBuildFile; fileRef = 18C8FF7B2A325571008F6D71 /* Project_Gp03App.swift */; };
		18C8FF802A325572008F6D71 /* Assets.xcassets in Resources */ = {isa = PBXBuildFile; fileRef = 18C8FF7F2A325572008F6D71 /* Assets.xcassets */; };
		18C8FF832A325572008F6D71 /* Preview Assets.xcassets in Resources */ = {isa = PBXBuildFile; fileRef = 18C8FF822A325572008F6D71 /* Preview Assets.xcassets */; };
		18DC21DC2A36BB900009BA9D /* FavoriteList.swift in Sources */ = {isa = PBXBuildFile; fileRef = 18DC21DB2A36BB900009BA9D /* FavoriteList.swift */; };
/* End PBXBuildFile section */

/* Begin PBXContainerItemProxy section */
		18C8FF892A325572008F6D71 /* PBXContainerItemProxy */ = {
			isa = PBXContainerItemProxy;
			containerPortal = 18C8FF702A325571008F6D71 /* Project object */;
			proxyType = 1;
			remoteGlobalIDString = 18C8FF772A325571008F6D71;
			remoteInfo = Project_Gp03;
		};
		18C8FF932A325572008F6D71 /* PBXContainerItemProxy */ = {
			isa = PBXContainerItemProxy;
			containerPortal = 18C8FF702A325571008F6D71 /* Project object */;
			proxyType = 1;
			remoteGlobalIDString = 18C8FF772A325571008F6D71;
			remoteInfo = Project_Gp03;
		};
/* End PBXContainerItemProxy section */

/* Begin PBXFileReference section */
		182F84E52A32E8FA00428618 /* login.swift */ = {isa = PBXFileReference; lastKnownFileType = sourcecode.swift; path = login.swift; sourceTree = "<group>"; };
		182F84E72A32E91900428618 /* ActivityList.swift */ = {isa = PBXFileReference; lastKnownFileType = sourcecode.swift; path = ActivityList.swift; sourceTree = "<group>"; };
		182F84EC2A32E96500428618 /* data.swift */ = {isa = PBXFileReference; lastKnownFileType = sourcecode.swift; path = data.swift; sourceTree = "<group>"; };
		182F84EF2A32E98000428618 /* checkboxstyle.swift */ = {isa = PBXFileReference; lastKnownFileType = sourcecode.swift; path = checkboxstyle.swift; sourceTree = "<group>"; };
		182F84F22A32E99900428618 /* user.swift */ = {isa = PBXFileReference; lastKnownFileType = sourcecode.swift; path = user.swift; sourceTree = "<group>"; };
		182F84F42A32E9A200428618 /* activity.swift */ = {isa = PBXFileReference; lastKnownFileType = sourcecode.swift; path = activity.swift; sourceTree = "<group>"; };
		186035612A350882001FF438 /* rootId.swift */ = {isa = PBXFileReference; lastKnownFileType = sourcecode.swift; path = rootId.swift; sourceTree = "<group>"; };
		186035632A350912001FF438 /* ActivityDetails.swift */ = {isa = PBXFileReference; lastKnownFileType = sourcecode.swift; path = ActivityDetails.swift; sourceTree = "<group>"; };
		186035652A350931001FF438 /* ListView.swift */ = {isa = PBXFileReference; lastKnownFileType = sourcecode.swift; path = ListView.swift; sourceTree = "<group>"; };
		186035672A350954001FF438 /* LogoutView.swift */ = {isa = PBXFileReference; lastKnownFileType = sourcecode.swift; path = LogoutView.swift; sourceTree = "<group>"; };
		18C8FF782A325571008F6D71 /* Project_Gp03.app */ = {isa = PBXFileReference; explicitFileType = wrapper.application; includeInIndex = 0; path = Project_Gp03.app; sourceTree = BUILT_PRODUCTS_DIR; };
		18C8FF7B2A325571008F6D71 /* Project_Gp03App.swift */ = {isa = PBXFileReference; lastKnownFileType = sourcecode.swift; path = Project_Gp03App.swift; sourceTree = "<group>"; };
		18C8FF7F2A325572008F6D71 /* Assets.xcassets */ = {isa = PBXFileReference; lastKnownFileType = folder.assetcatalog; path = Assets.xcassets; sourceTree = "<group>"; };
		18C8FF822A325572008F6D71 /* Preview Assets.xcassets */ = {isa = PBXFileReference; lastKnownFileType = folder.assetcatalog; path = "Preview Assets.xcassets"; sourceTree = "<group>"; };
		18C8FF882A325572008F6D71 /* Project_Gp03Tests.xctest */ = {isa = PBXFileReference; explicitFileType = wrapper.cfbundle; includeInIndex = 0; path = Project_Gp03Tests.xctest; sourceTree = BUILT_PRODUCTS_DIR; };
		18C8FF922A325572008F6D71 /* Project_Gp03UITests.xctest */ = {isa = PBXFileReference; explicitFileType = wrapper.cfbundle; includeInIndex = 0; path = Project_Gp03UITests.xctest; sourceTree = BUILT_PRODUCTS_DIR; };
		18DC21DB2A36BB900009BA9D /* FavoriteList.swift */ = {isa = PBXFileReference; lastKnownFileType = sourcecode.swift; path = FavoriteList.swift; sourceTree = "<group>"; };
/* End PBXFileReference section */

/* Begin PBXFrameworksBuildPhase section */
		18C8FF752A325571008F6D71 /* Frameworks */ = {
			isa = PBXFrameworksBuildPhase;
			buildActionMask = 2147483647;
			files = (
			);
			runOnlyForDeploymentPostprocessing = 0;
		};
		18C8FF852A325572008F6D71 /* Frameworks */ = {
			isa = PBXFrameworksBuildPhase;
			buildActionMask = 2147483647;
			files = (
			);
			runOnlyForDeploymentPostprocessing = 0;
		};
		18C8FF8F2A325572008F6D71 /* Frameworks */ = {
			isa = PBXFrameworksBuildPhase;
			buildActionMask = 2147483647;
			files = (
			);
			runOnlyForDeploymentPostprocessing = 0;
		};
/* End PBXFrameworksBuildPhase section */

/* Begin PBXGroup section */
		182F84E42A32E8DD00428618 /* views */ = {
			isa = PBXGroup;
			children = (
				182F84E52A32E8FA00428618 /* login.swift */,
				182F84E72A32E91900428618 /* ActivityList.swift */,
				186035632A350912001FF438 /* ActivityDetails.swift */,
				186035652A350931001FF438 /* ListView.swift */,
				186035672A350954001FF438 /* LogoutView.swift */,
				18DC21DB2A36BB900009BA9D /* FavoriteList.swift */,
			);
			path = views;
			sourceTree = "<group>";
		};
		182F84EB2A32E95200428618 /* database */ = {
			isa = PBXGroup;
			children = (
				182F84EC2A32E96500428618 /* data.swift */,
			);
			path = database;
			sourceTree = "<group>";
		};
		182F84EE2A32E96E00428618 /* styles */ = {
			isa = PBXGroup;
			children = (
				182F84EF2A32E98000428618 /* checkboxstyle.swift */,
			);
			path = styles;
			sourceTree = "<group>";
		};
		182F84F12A32E98B00428618 /* models */ = {
			isa = PBXGroup;
			children = (
				182F84F42A32E9A200428618 /* activity.swift */,
				182F84F22A32E99900428618 /* user.swift */,
			);
			path = models;
			sourceTree = "<group>";
		};
		186035602A350860001FF438 /* tool */ = {
			isa = PBXGroup;
			children = (
				186035612A350882001FF438 /* rootId.swift */,
			);
			path = tool;
			sourceTree = "<group>";
		};
		18C8FF6F2A325571008F6D71 = {
			isa = PBXGroup;
			children = (
				18C8FF7A2A325571008F6D71 /* Project_Gp03 */,
				18C8FF792A325571008F6D71 /* Products */,
			);
			sourceTree = "<group>";
		};
		18C8FF792A325571008F6D71 /* Products */ = {
			isa = PBXGroup;
			children = (
				18C8FF782A325571008F6D71 /* Project_Gp03.app */,
				18C8FF882A325572008F6D71 /* Project_Gp03Tests.xctest */,
				18C8FF922A325572008F6D71 /* Project_Gp03UITests.xctest */,
			);
			name = Products;
			sourceTree = "<group>";
		};
		18C8FF7A2A325571008F6D71 /* Project_Gp03 */ = {
			isa = PBXGroup;
			children = (
				186035602A350860001FF438 /* tool */,
				182F84F12A32E98B00428618 /* models */,
				182F84EE2A32E96E00428618 /* styles */,
				182F84EB2A32E95200428618 /* database */,
				182F84E42A32E8DD00428618 /* views */,
				18C8FF7B2A325571008F6D71 /* Project_Gp03App.swift */,
				18C8FF7F2A325572008F6D71 /* Assets.xcassets */,
				18C8FF812A325572008F6D71 /* Preview Content */,
			);
			path = Project_Gp03;
			sourceTree = "<group>";
		};
		18C8FF812A325572008F6D71 /* Preview Content */ = {
			isa = PBXGroup;
			children = (
				18C8FF822A325572008F6D71 /* Preview Assets.xcassets */,
			);
			path = "Preview Content";
			sourceTree = "<group>";
		};
/* End PBXGroup section */

/* Begin PBXNativeTarget section */
		18C8FF772A325571008F6D71 /* Project_Gp03 */ = {
			isa = PBXNativeTarget;
			buildConfigurationList = 18C8FF9C2A325572008F6D71 /* Build configuration list for PBXNativeTarget "Project_Gp03" */;
			buildPhases = (
				18C8FF742A325571008F6D71 /* Sources */,
				18C8FF752A325571008F6D71 /* Frameworks */,
				18C8FF762A325571008F6D71 /* Resources */,
			);
			buildRules = (
			);
			dependencies = (
			);
			name = Project_Gp03;
			productName = Project_Gp03;
			productReference = 18C8FF782A325571008F6D71 /* Project_Gp03.app */;
			productType = "com.apple.product-type.application";
		};
		18C8FF872A325572008F6D71 /* Project_Gp03Tests */ = {
			isa = PBXNativeTarget;
			buildConfigurationList = 18C8FF9F2A325572008F6D71 /* Build configuration list for PBXNativeTarget "Project_Gp03Tests" */;
			buildPhases = (
				18C8FF842A325572008F6D71 /* Sources */,
				18C8FF852A325572008F6D71 /* Frameworks */,
				18C8FF862A325572008F6D71 /* Resources */,
			);
			buildRules = (
			);
			dependencies = (
				18C8FF8A2A325572008F6D71 /* PBXTargetDependency */,
			);
			name = Project_Gp03Tests;
			productName = Project_Gp03Tests;
			productReference = 18C8FF882A325572008F6D71 /* Project_Gp03Tests.xctest */;
			productType = "com.apple.product-type.bundle.unit-test";
		};
		18C8FF912A325572008F6D71 /* Project_Gp03UITests */ = {
			isa = PBXNativeTarget;
			buildConfigurationList = 18C8FFA22A325572008F6D71 /* Build configuration list for PBXNativeTarget "Project_Gp03UITests" */;
			buildPhases = (
				18C8FF8E2A325572008F6D71 /* Sources */,
				18C8FF8F2A325572008F6D71 /* Frameworks */,
				18C8FF902A325572008F6D71 /* Resources */,
			);
			buildRules = (
			);
			dependencies = (
				18C8FF942A325572008F6D71 /* PBXTargetDependency */,
			);
			name = Project_Gp03UITests;
			productName = Project_Gp03UITests;
			productReference = 18C8FF922A325572008F6D71 /* Project_Gp03UITests.xctest */;
			productType = "com.apple.product-type.bundle.ui-testing";
		};
/* End PBXNativeTarget section */

/* Begin PBXProject section */
		18C8FF702A325571008F6D71 /* Project object */ = {
			isa = PBXProject;
			attributes = {
				BuildIndependentTargetsInParallel = 1;
				LastSwiftUpdateCheck = 1420;
				LastUpgradeCheck = 1420;
				TargetAttributes = {
					18C8FF772A325571008F6D71 = {
						CreatedOnToolsVersion = 14.2;
					};
					18C8FF872A325572008F6D71 = {
						CreatedOnToolsVersion = 14.2;
						TestTargetID = 18C8FF772A325571008F6D71;
					};
					18C8FF912A325572008F6D71 = {
						CreatedOnToolsVersion = 14.2;
						TestTargetID = 18C8FF772A325571008F6D71;
					};
				};
			};
			buildConfigurationList = 18C8FF732A325571008F6D71 /* Build configuration list for PBXProject "Project_Gp03" */;
			compatibilityVersion = "Xcode 14.0";
			developmentRegion = en;
			hasScannedForEncodings = 0;
			knownRegions = (
				en,
				Base,
			);
			mainGroup = 18C8FF6F2A325571008F6D71;
			productRefGroup = 18C8FF792A325571008F6D71 /* Products */;
			projectDirPath = "";
			projectRoot = "";
			targets = (
				18C8FF772A325571008F6D71 /* Project_Gp03 */,
				18C8FF872A325572008F6D71 /* Project_Gp03Tests */,
				18C8FF912A325572008F6D71 /* Project_Gp03UITests */,
			);
		};
/* End PBXProject section */

/* Begin PBXResourcesBuildPhase section */
		18C8FF762A325571008F6D71 /* Resources */ = {
			isa = PBXResourcesBuildPhase;
			buildActionMask = 2147483647;
			files = (
				18C8FF832A325572008F6D71 /* Preview Assets.xcassets in Resources */,
				18C8FF802A325572008F6D71 /* Assets.xcassets in Resources */,
			);
			runOnlyForDeploymentPostprocessing = 0;
		};
		18C8FF862A325572008F6D71 /* Resources */ = {
			isa = PBXResourcesBuildPhase;
			buildActionMask = 2147483647;
			files = (
			);
			runOnlyForDeploymentPostprocessing = 0;
		};
		18C8FF902A325572008F6D71 /* Resources */ = {
			isa = PBXResourcesBuildPhase;
			buildActionMask = 2147483647;
			files = (
			);
			runOnlyForDeploymentPostprocessing = 0;
		};
/* End PBXResourcesBuildPhase section */

/* Begin PBXSourcesBuildPhase section */
		18C8FF742A325571008F6D71 /* Sources */ = {
			isa = PBXSourcesBuildPhase;
			buildActionMask = 2147483647;
			files = (
				182F84F02A32E98000428618 /* checkboxstyle.swift in Sources */,
				182F84E62A32E8FA00428618 /* login.swift in Sources */,
				182F84E82A32E91900428618 /* ActivityList.swift in Sources */,
				186035682A350954001FF438 /* LogoutView.swift in Sources */,
				186035622A350882001FF438 /* rootId.swift in Sources */,
				182F84F32A32E99900428618 /* user.swift in Sources */,
				182F84ED2A32E96500428618 /* data.swift in Sources */,
				182F84F52A32E9A200428618 /* activity.swift in Sources */,
				186035662A350931001FF438 /* ListView.swift in Sources */,
				18DC21DC2A36BB900009BA9D /* FavoriteList.swift in Sources */,
				18C8FF7C2A325571008F6D71 /* Project_Gp03App.swift in Sources */,
				186035642A350912001FF438 /* ActivityDetails.swift in Sources */,
			);
			runOnlyForDeploymentPostprocessing = 0;
		};
		18C8FF842A325572008F6D71 /* Sources */ = {
			isa = PBXSourcesBuildPhase;
			buildActionMask = 2147483647;
			files = (
			);
			runOnlyForDeploymentPostprocessing = 0;
		};
		18C8FF8E2A325572008F6D71 /* Sources */ = {
			isa = PBXSourcesBuildPhase;
			buildActionMask = 2147483647;
			files = (
			);
			runOnlyForDeploymentPostprocessing = 0;
		};
/* End PBXSourcesBuildPhase section */

/* Begin PBXTargetDependency section */
		18C8FF8A2A325572008F6D71 /* PBXTargetDependency */ = {
			isa = PBXTargetDependency;
			target = 18C8FF772A325571008F6D71 /* Project_Gp03 */;
			targetProxy = 18C8FF892A325572008F6D71 /* PBXContainerItemProxy */;
		};
		18C8FF942A325572008F6D71 /* PBXTargetDependency */ = {
			isa = PBXTargetDependency;
			target = 18C8FF772A325571008F6D71 /* Project_Gp03 */;
			targetProxy = 18C8FF932A325572008F6D71 /* PBXContainerItemProxy */;
		};
/* End PBXTargetDependency section */

/* Begin XCBuildConfiguration section */
		18C8FF9A2A325572008F6D71 /* Debug */ = {
			isa = XCBuildConfiguration;
			buildSettings = {
				ALWAYS_SEARCH_USER_PATHS = NO;
				CLANG_ANALYZER_NONNULL = YES;
				CLANG_ANALYZER_NUMBER_OBJECT_CONVERSION = YES_AGGRESSIVE;
				CLANG_CXX_LANGUAGE_STANDARD = "gnu++20";
				CLANG_ENABLE_MODULES = YES;
				CLANG_ENABLE_OBJC_ARC = YES;
				CLANG_ENABLE_OBJC_WEAK = YES;
				CLANG_WARN_BLOCK_CAPTURE_AUTORELEASING = YES;
				CLANG_WARN_BOOL_CONVERSION = YES;
				CLANG_WARN_COMMA = YES;
				CLANG_WARN_CONSTANT_CONVERSION = YES;
				CLANG_WARN_DEPRECATED_OBJC_IMPLEMENTATIONS = YES;
				CLANG_WARN_DIRECT_OBJC_ISA_USAGE = YES_ERROR;
				CLANG_WARN_DOCUMENTATION_COMMENTS = YES;
				CLANG_WARN_EMPTY_BODY = YES;
				CLANG_WARN_ENUM_CONVERSION = YES;
				CLANG_WARN_INFINITE_RECURSION = YES;
				CLANG_WARN_INT_CONVERSION = YES;
				CLANG_WARN_NON_LITERAL_NULL_CONVERSION = YES;
				CLANG_WARN_OBJC_IMPLICIT_RETAIN_SELF = YES;
				CLANG_WARN_OBJC_LITERAL_CONVERSION = YES;
				CLANG_WARN_OBJC_ROOT_CLASS = YES_ERROR;
				CLANG_WARN_QUOTED_INCLUDE_IN_FRAMEWORK_HEADER = YES;
				CLANG_WARN_RANGE_LOOP_ANALYSIS = YES;
				CLANG_WARN_STRICT_PROTOTYPES = YES;
				CLANG_WARN_SUSPICIOUS_MOVE = YES;
				CLANG_WARN_UNGUARDED_AVAILABILITY = YES_AGGRESSIVE;
				CLANG_WARN_UNREACHABLE_CODE = YES;
				CLANG_WARN__DUPLICATE_METHOD_MATCH = YES;
				COPY_PHASE_STRIP = NO;
				DEBUG_INFORMATION_FORMAT = dwarf;
				ENABLE_STRICT_OBJC_MSGSEND = YES;
				ENABLE_TESTABILITY = YES;
				GCC_C_LANGUAGE_STANDARD = gnu11;
				GCC_DYNAMIC_NO_PIC = NO;
				GCC_NO_COMMON_BLOCKS = YES;
				GCC_OPTIMIZATION_LEVEL = 0;
				GCC_PREPROCESSOR_DEFINITIONS = (
					"DEBUG=1",
					"$(inherited)",
				);
				GCC_WARN_64_TO_32_BIT_CONVERSION = YES;
				GCC_WARN_ABOUT_RETURN_TYPE = YES_ERROR;
				GCC_WARN_UNDECLARED_SELECTOR = YES;
				GCC_WARN_UNINITIALIZED_AUTOS = YES_AGGRESSIVE;
				GCC_WARN_UNUSED_FUNCTION = YES;
				GCC_WARN_UNUSED_VARIABLE = YES;
				IPHONEOS_DEPLOYMENT_TARGET = 16.2;
				MTL_ENABLE_DEBUG_INFO = INCLUDE_SOURCE;
				MTL_FAST_MATH = YES;
				ONLY_ACTIVE_ARCH = YES;
				SDKROOT = iphoneos;
				SWIFT_ACTIVE_COMPILATION_CONDITIONS = DEBUG;
				SWIFT_OPTIMIZATION_LEVEL = "-Onone";
			};
			name = Debug;
		};
		18C8FF9B2A325572008F6D71 /* Release */ = {
			isa = XCBuildConfiguration;
			buildSettings = {
				ALWAYS_SEARCH_USER_PATHS = NO;
				CLANG_ANALYZER_NONNULL = YES;
				CLANG_ANALYZER_NUMBER_OBJECT_CONVERSION = YES_AGGRESSIVE;
				CLANG_CXX_LANGUAGE_STANDARD = "gnu++20";
				CLANG_ENABLE_MODULES = YES;
				CLANG_ENABLE_OBJC_ARC = YES;
				CLANG_ENABLE_OBJC_WEAK = YES;
				CLANG_WARN_BLOCK_CAPTURE_AUTORELEASING = YES;
				CLANG_WARN_BOOL_CONVERSION = YES;
				CLANG_WARN_COMMA = YES;
				CLANG_WARN_CONSTANT_CONVERSION = YES;
				CLANG_WARN_DEPRECATED_OBJC_IMPLEMENTATIONS = YES;
				CLANG_WARN_DIRECT_OBJC_ISA_USAGE = YES_ERROR;
				CLANG_WARN_DOCUMENTATION_COMMENTS = YES;
				CLANG_WARN_EMPTY_BODY = YES;
				CLANG_WARN_ENUM_CONVERSION = YES;
				CLANG_WARN_INFINITE_RECURSION = YES;
				CLANG_WARN_INT_CONVERSION = YES;
				CLANG_WARN_NON_LITERAL_NULL_CONVERSION = YES;
				CLANG_WARN_OBJC_IMPLICIT_RETAIN_SELF = YES;
				CLANG_WARN_OBJC_LITERAL_CONVERSION = YES;
				CLANG_WARN_OBJC_ROOT_CLASS = YES_ERROR;
				CLANG_WARN_QUOTED_INCLUDE_IN_FRAMEWORK_HEADER = YES;
				CLANG_WARN_RANGE_LOOP_ANALYSIS = YES;
				CLANG_WARN_STRICT_PROTOTYPES = YES;
				CLANG_WARN_SUSPICIOUS_MOVE = YES;
				CLANG_WARN_UNGUARDED_AVAILABILITY = YES_AGGRESSIVE;
				CLANG_WARN_UNREACHABLE_CODE = YES;
				CLANG_WARN__DUPLICATE_METHOD_MATCH = YES;
				COPY_PHASE_STRIP = NO;
				DEBUG_INFORMATION_FORMAT = "dwarf-with-dsym";
				ENABLE_NS_ASSERTIONS = NO;
				ENABLE_STRICT_OBJC_MSGSEND = YES;
				GCC_C_LANGUAGE_STANDARD = gnu11;
				GCC_NO_COMMON_BLOCKS = YES;
				GCC_WARN_64_TO_32_BIT_CONVERSION = YES;
				GCC_WARN_ABOUT_RETURN_TYPE = YES_ERROR;
				GCC_WARN_UNDECLARED_SELECTOR = YES;
				GCC_WARN_UNINITIALIZED_AUTOS = YES_AGGRESSIVE;
				GCC_WARN_UNUSED_FUNCTION = YES;
				GCC_WARN_UNUSED_VARIABLE = YES;
				IPHONEOS_DEPLOYMENT_TARGET = 16.2;
				MTL_ENABLE_DEBUG_INFO = NO;
				MTL_FAST_MATH = YES;
				SDKROOT = iphoneos;
				SWIFT_COMPILATION_MODE = wholemodule;
				SWIFT_OPTIMIZATION_LEVEL = "-O";
				VALIDATE_PRODUCT = YES;
			};
			name = Release;
		};
		18C8FF9D2A325572008F6D71 /* Debug */ = {
			isa = XCBuildConfiguration;
			buildSettings = {
				ASSETCATALOG_COMPILER_APPICON_NAME = AppIcon;
				ASSETCATALOG_COMPILER_GLOBAL_ACCENT_COLOR_NAME = AccentColor;
				CODE_SIGN_STYLE = Automatic;
				CURRENT_PROJECT_VERSION = 1;
				DEVELOPMENT_ASSET_PATHS = "\"Project_Gp03/Preview Content\"";
				ENABLE_PREVIEWS = YES;
				GENERATE_INFOPLIST_FILE = YES;
				INFOPLIST_KEY_UIApplicationSceneManifest_Generation = YES;
				INFOPLIST_KEY_UIApplicationSupportsIndirectInputEvents = YES;
				INFOPLIST_KEY_UILaunchScreen_Generation = YES;
				INFOPLIST_KEY_UISupportedInterfaceOrientations_iPad = "UIInterfaceOrientationPortrait UIInterfaceOrientationPortraitUpsideDown UIInterfaceOrientationLandscapeLeft UIInterfaceOrientationLandscapeRight";
				INFOPLIST_KEY_UISupportedInterfaceOrientations_iPhone = "UIInterfaceOrientationPortrait UIInterfaceOrientationLandscapeLeft UIInterfaceOrientationLandscapeRight";
				LD_RUNPATH_SEARCH_PATHS = (
					"$(inherited)",
					"@executable_path/Frameworks",
				);
				MARKETING_VERSION = 1.0;
				PRODUCT_BUNDLE_IDENTIFIER = "com.chunman.Project-Gp03";
				PRODUCT_NAME = "$(TARGET_NAME)";
				SWIFT_EMIT_LOC_STRINGS = YES;
				SWIFT_VERSION = 5.0;
				TARGETED_DEVICE_FAMILY = "1,2";
			};
			name = Debug;
		};
		18C8FF9E2A325572008F6D71 /* Release */ = {
			isa = XCBuildConfiguration;
			buildSettings = {
				ASSETCATALOG_COMPILER_APPICON_NAME = AppIcon;
				ASSETCATALOG_COMPILER_GLOBAL_ACCENT_COLOR_NAME = AccentColor;
				CODE_SIGN_STYLE = Automatic;
				CURRENT_PROJECT_VERSION = 1;
				DEVELOPMENT_ASSET_PATHS = "\"Project_Gp03/Preview Content\"";
				ENABLE_PREVIEWS = YES;
				GENERATE_INFOPLIST_FILE = YES;
				INFOPLIST_KEY_UIApplicationSceneManifest_Generation = YES;
				INFOPLIST_KEY_UIApplicationSupportsIndirectInputEvents = YES;
				INFOPLIST_KEY_UILaunchScreen_Generation = YES;
				INFOPLIST_KEY_UISupportedInterfaceOrientations_iPad = "UIInterfaceOrientationPortrait UIInterfaceOrientationPortraitUpsideDown UIInterfaceOrientationLandscapeLeft UIInterfaceOrientationLandscapeRight";
				INFOPLIST_KEY_UISupportedInterfaceOrientations_iPhone = "UIInterfaceOrientationPortrait UIInterfaceOrientationLandscapeLeft UIInterfaceOrientationLandscapeRight";
				LD_RUNPATH_SEARCH_PATHS = (
					"$(inherited)",
					"@executable_path/Frameworks",
				);
				MARKETING_VERSION = 1.0;
				PRODUCT_BUNDLE_IDENTIFIER = "com.chunman.Project-Gp03";
				PRODUCT_NAME = "$(TARGET_NAME)";
				SWIFT_EMIT_LOC_STRINGS = YES;
				SWIFT_VERSION = 5.0;
				TARGETED_DEVICE_FAMILY = "1,2";
			};
			name = Release;
		};
		18C8FFA02A325572008F6D71 /* Debug */ = {
			isa = XCBuildConfiguration;
			buildSettings = {
				ALWAYS_EMBED_SWIFT_STANDARD_LIBRARIES = YES;
				BUNDLE_LOADER = "$(TEST_HOST)";
				CODE_SIGN_STYLE = Automatic;
				CURRENT_PROJECT_VERSION = 1;
				GENERATE_INFOPLIST_FILE = YES;
				IPHONEOS_DEPLOYMENT_TARGET = 16.2;
				MARKETING_VERSION = 1.0;
				PRODUCT_BUNDLE_IDENTIFIER = "com.chunman.Project-Gp03Tests";
				PRODUCT_NAME = "$(TARGET_NAME)";
				SWIFT_EMIT_LOC_STRINGS = NO;
				SWIFT_VERSION = 5.0;
				TARGETED_DEVICE_FAMILY = "1,2";
				TEST_HOST = "$(BUILT_PRODUCTS_DIR)/Project_Gp03.app/$(BUNDLE_EXECUTABLE_FOLDER_PATH)/Project_Gp03";
			};
			name = Debug;
		};
		18C8FFA12A325572008F6D71 /* Release */ = {
			isa = XCBuildConfiguration;
			buildSettings = {
				ALWAYS_EMBED_SWIFT_STANDARD_LIBRARIES = YES;
				BUNDLE_LOADER = "$(TEST_HOST)";
				CODE_SIGN_STYLE = Automatic;
				CURRENT_PROJECT_VERSION = 1;
				GENERATE_INFOPLIST_FILE = YES;
				IPHONEOS_DEPLOYMENT_TARGET = 16.2;
				MARKETING_VERSION = 1.0;
				PRODUCT_BUNDLE_IDENTIFIER = "com.chunman.Project-Gp03Tests";
				PRODUCT_NAME = "$(TARGET_NAME)";
				SWIFT_EMIT_LOC_STRINGS = NO;
				SWIFT_VERSION = 5.0;
				TARGETED_DEVICE_FAMILY = "1,2";
				TEST_HOST = "$(BUILT_PRODUCTS_DIR)/Project_Gp03.app/$(BUNDLE_EXECUTABLE_FOLDER_PATH)/Project_Gp03";
			};
			name = Release;
		};
		18C8FFA32A325572008F6D71 /* Debug */ = {
			isa = XCBuildConfiguration;
			buildSettings = {
				ALWAYS_EMBED_SWIFT_STANDARD_LIBRARIES = YES;
				CODE_SIGN_STYLE = Automatic;
				CURRENT_PROJECT_VERSION = 1;
				GENERATE_INFOPLIST_FILE = YES;
				MARKETING_VERSION = 1.0;
				PRODUCT_BUNDLE_IDENTIFIER = "com.chunman.Project-Gp03UITests";
				PRODUCT_NAME = "$(TARGET_NAME)";
				SWIFT_EMIT_LOC_STRINGS = NO;
				SWIFT_VERSION = 5.0;
				TARGETED_DEVICE_FAMILY = "1,2";
				TEST_TARGET_NAME = Project_Gp03;
			};
			name = Debug;
		};
		18C8FFA42A325572008F6D71 /* Release */ = {
			isa = XCBuildConfiguration;
			buildSettings = {
				ALWAYS_EMBED_SWIFT_STANDARD_LIBRARIES = YES;
				CODE_SIGN_STYLE = Automatic;
				CURRENT_PROJECT_VERSION = 1;
				GENERATE_INFOPLIST_FILE = YES;
				MARKETING_VERSION = 1.0;
				PRODUCT_BUNDLE_IDENTIFIER = "com.chunman.Project-Gp03UITests";
				PRODUCT_NAME = "$(TARGET_NAME)";
				SWIFT_EMIT_LOC_STRINGS = NO;
				SWIFT_VERSION = 5.0;
				TARGETED_DEVICE_FAMILY = "1,2";
				TEST_TARGET_NAME = Project_Gp03;
			};
			name = Release;
		};
/* End XCBuildConfiguration section */

/* Begin XCConfigurationList section */
		18C8FF732A325571008F6D71 /* Build configuration list for PBXProject "Project_Gp03" */ = {
			isa = XCConfigurationList;
			buildConfigurations = (
				18C8FF9A2A325572008F6D71 /* Debug */,
				18C8FF9B2A325572008F6D71 /* Release */,
			);
			defaultConfigurationIsVisible = 0;
			defaultConfigurationName = Release;
		};
		18C8FF9C2A325572008F6D71 /* Build configuration list for PBXNativeTarget "Project_Gp03" */ = {
			isa = XCConfigurationList;
			buildConfigurations = (
				18C8FF9D2A325572008F6D71 /* Debug */,
				18C8FF9E2A325572008F6D71 /* Release */,
			);
			defaultConfigurationIsVisible = 0;
			defaultConfigurationName = Release;
		};
		18C8FF9F2A325572008F6D71 /* Build configuration list for PBXNativeTarget "Project_Gp03Tests" */ = {
			isa = XCConfigurationList;
			buildConfigurations = (
				18C8FFA02A325572008F6D71 /* Debug */,
				18C8FFA12A325572008F6D71 /* Release */,
			);
			defaultConfigurationIsVisible = 0;
			defaultConfigurationName = Release;
		};
		18C8FFA22A325572008F6D71 /* Build configuration list for PBXNativeTarget "Project_Gp03UITests" */ = {
			isa = XCConfigurationList;
			buildConfigurations = (
				18C8FFA32A325572008F6D71 /* Debug */,
				18C8FFA42A325572008F6D71 /* Release */,
			);
			defaultConfigurationIsVisible = 0;
			defaultConfigurationName = Release;
		};
/* End XCConfigurationList section */
	};
	rootObject = 18C8FF702A325571008F6D71 /* Project object */;
}
